hash: ea0310bccd7c06ff23fcbe6f607ee96ff19b3805349047c834c37e9c665509cb
updated: 2019-08-14T10:24:30.492283429+09:00
imports:
- name: github.com/andybalholm/cascadia
  version: 680b6a57bda4f657485ad44bdea42342ead737bc
- name: github.com/go-ole/go-ole
  version: 938323a72016e9cf84fa5fba7635089efb0ad87f
  subpackages:
  - oleutil
- name: github.com/headzoo/ut
  version: a13b5a7a02cae96fe07e6b369a02d998b5be06b0
- name: github.com/PuerkitoBio/goquery
  version: 3dcf72e6c17f694381a21592651ca1464ded0e10
- name: github.com/shirou/gopsutil
  version: ffb381dc5de803fb8985813d13d49b76c79d453a
  subpackages:
  - cpu
  - host
  - internal/common
  - mem
  - net
  - process
- name: github.com/shirou/w32
  version: bb4de0191aa41b5507caa14b0650cdbddcd9280b
- name: github.com/StackExchange/wmi
  version: cbe66965904dbe8a6cd589e2298e5d8b986bd7dd
- name: golang.org/x/net
  version: 74dc4d7220e7acc4e100824340f3e66577424772
  subpackages:
  - html
  - html/atom
- name: golang.org/x/sys
  version: fde4db37ae7ad8191b03d30d27f258b5291ae4e3
  subpackages:
  - unix
  - windows
testImports: []
